
Microsoft Visual Studio Solution File, Format Version 12.00
# Visual Studio Version 16
VisualStudioVersion = 16.0.33927.289
MinimumVisualStudioVersion = 10.0.40219.1
Project("{2150E333-8FDC-42A3-9474-1A3956D46DE8}") = "Task0", "Task0", "{A5709E6C-438C-48BF-A8F2-16D1A08117AE}"
EndProject
Project("{FAE04EC0-301F-11D3-BF4B-00C04F79EFBC}") = "Tyuiu.GorbunovAA.Sprint4.Task0.V26", "Tyuiu.GorbunovAA.Sprint4.Task0.V26\Tyuiu.GorbunovAA.Sprint4.Task0.V26.csproj", "{CD47BB91-947C-4382-8C7C-0A7B81A0A5C3}"
EndProject
Project("{FAE04EC0-301F-11D3-BF4B-00C04F79EFBC}") = "Tyuiu.GorbunovAA.Sprint4.Task0.V26.Lib", "Tyuiu.GorbunovAA.Sprint4.Task0.V26.Lib\Tyuiu.GorbunovAA.Sprint4.Task0.V26.Lib.csproj", "{DC621A23-AFF2-4056-8562-0449986340A1}"
EndProject
Project("{FAE04EC0-301F-11D3-BF4B-00C04F79EFBC}") = "Tyuiu.GorbunovAA.Sprint4.Task0.V26.Test", "Tyuiu.GorbunovAA.Sprint4.Task0.V26.Test\Tyuiu.GorbunovAA.Sprint4.Task0.V26.Test.csproj", "{DB0D062D-23B2-4014-A3FF-F2DB22D28F1B}"
EndProject
Project("{2150E333-8FDC-42A3-9474-1A3956D46DE8}") = "Task3", "Task3", "{1F61E9D0-8425-43D3-8AEF-49965ADB7170}"
EndProject
Project("{FAE04EC0-301F-11D3-BF4B-00C04F79EFBC}") = "Tyuiu.GorbunovAA.Sprint4.Task3.V27", "Tyuiu.GorbunovAA.Sprint4.Task3.V27\Tyuiu.GorbunovAA.Sprint4.Task3.V27.csproj", "{9DF232A0-3B90-4159-94CD-B64B595D64E7}"
EndProject
Project("{FAE04EC0-301F-11D3-BF4B-00C04F79EFBC}") = "Tyuiu.GorbunovAA.Sprint4.Task3.V27.Lib", "Tyuiu.GorbunovAA.Sprint4.Task3.V27.Lib\Tyuiu.GorbunovAA.Sprint4.Task3.V27.Lib.csproj", "{F9E08E35-6306-410C-8630-0C47B101DEAD}"
EndProject
Project("{FAE04EC0-301F-11D3-BF4B-00C04F79EFBC}") = "Tyuiu.GorbunovAA.Sprint4.Task3.V27.Test", "Tyuiu.GorbunovAA.Sprint4.Task3.V27.Test\Tyuiu.GorbunovAA.Sprint4.Task3.V27.Test.csproj", "{E1D868CC-63EF-4549-AE37-55BB3BD16777}"
EndProject
Project("{2150E333-8FDC-42A3-9474-1A3956D46DE8}") = "Task1", "Task1", "{EED87D30-13FA-4E4B-BB93-373F242F5A36}"
EndProject
Project("{FAE04EC0-301F-11D3-BF4B-00C04F79EFBC}") = "Tyuiu.GorbunovAA.Sprint4.Task1.V5", "Tyuiu.GorbunovAA.Sprint4.Task1.V5\Tyuiu.GorbunovAA.Sprint4.Task1.V5.csproj", "{3E2BB731-D949-4D2F-B727-D3794ADA36CC}"
EndProject
Project("{FAE04EC0-301F-11D3-BF4B-00C04F79EFBC}") = "Tyuiu.GorbunovAA.Sprint4.Task1.V5.Lib", "Tyuiu.GorbunovAA.Sprint4.Task1.V5.Lib\Tyuiu.GorbunovAA.Sprint4.Task1.V5.Lib.csproj", "{AB6FEED3-B60E-49DB-99FE-CA13E0D8924F}"
EndProject
Project("{FAE04EC0-301F-11D3-BF4B-00C04F79EFBC}") = "Tyuiu.GorbunovAA.Sprint4.Task1.V5.Test", "Tyuiu.GorbunovAA.Sprint4.Task1.V5.Test\Tyuiu.GorbunovAA.Sprint4.Task1.V5.Test.csproj", "{6F6B1718-47C1-48F4-B86B-6A1AB71275D1}"
EndProject
Project("{2150E333-8FDC-42A3-9474-1A3956D46DE8}") = "Task2", "Task2", "{3A438AB4-CCD2-4587-95D0-6D179F7BC396}"
EndProject
Project("{FAE04EC0-301F-11D3-BF4B-00C04F79EFBC}") = "Tyuiu.GorbunovAA.Sprint4.Task2.V21", "Tyuiu.GorbunovAA.Sprint4.Task2.V21\Tyuiu.GorbunovAA.Sprint4.Task2.V21.csproj", "{B7F70411-E7BF-4507-8055-D31151ADDFF0}"
EndProject
Project("{FAE04EC0-301F-11D3-BF4B-00C04F79EFBC}") = "Tyuiu.GorbunovAA.Sprint4.Task2.V21.Lib", "Tyuiu.GorbunovAA.Sprint4.Task2.V21.Lib\Tyuiu.GorbunovAA.Sprint4.Task2.V21.Lib.csproj", "{C18CDA50-2BCA-4CFE-8C87-37BDFE41230F}"
EndProject
Project("{FAE04EC0-301F-11D3-BF4B-00C04F79EFBC}") = "Tyuiu.GorbunovAA.Sprint4.Task2.V21.Test", "Tyuiu.GorbunovAA.Sprint4.Task2.V21.Test\Tyuiu.GorbunovAA.Sprint4.Task2.V21.Test.csproj", "{F1B1D050-F417-47A4-B93E-0F716E0D387B}"
EndProject
Project("{2150E333-8FDC-42A3-9474-1A3956D46DE8}") = "Task4", "Task4", "{7BA91BEE-54B3-4130-995A-4179403A21D2}"
EndProject
Project("{FAE04EC0-301F-11D3-BF4B-00C04F79EFBC}") = "Tyuiu.GorbunovAA.Sprint4.Task4.V16", "Tyuiu.GorbunovAA.Sprint4.Task4.V16\Tyuiu.GorbunovAA.Sprint4.Task4.V16.csproj", "{9A87A977-5727-49C1-B827-1EAE9479F983}"
EndProject
Project("{FAE04EC0-301F-11D3-BF4B-00C04F79EFBC}") = "Tyuiu.GorbunovAA.Sprint4.Task4.V16.Lib", "Tyuiu.GorbunovAA.Sprint4.Task4.V16.Lib\Tyuiu.GorbunovAA.Sprint4.Task4.V16.Lib.csproj", "{EF3370A3-CE08-4EE8-A470-5CF2E963B0D7}"
EndProject
Project("{FAE04EC0-301F-11D3-BF4B-00C04F79EFBC}") = "Tyuiu.GorbunovAA.Sprint4.Task4.V16.Test", "Tyuiu.GorbunovAA.Sprint4.Task4.V16.Test\Tyuiu.GorbunovAA.Sprint4.Task4.V16.Test.csproj", "{3CD3B1CB-A58E-4AEF-ABAE-4AAFE61ADA16}"
EndProject
Global
	GlobalSection(SolutionConfigurationPlatforms) = preSolution
		Debug|Any CPU = Debug|Any CPU
		Release|Any CPU = Release|Any CPU
	EndGlobalSection
	GlobalSection(ProjectConfigurationPlatforms) = postSolution
		{CD47BB91-947C-4382-8C7C-0A7B81A0A5C3}.Debug|Any CPU.ActiveCfg = Debug|Any CPU
		{CD47BB91-947C-4382-8C7C-0A7B81A0A5C3}.Debug|Any CPU.Build.0 = Debug|Any CPU
		{CD47BB91-947C-4382-8C7C-0A7B81A0A5C3}.Release|Any CPU.ActiveCfg = Release|Any CPU
		{CD47BB91-947C-4382-8C7C-0A7B81A0A5C3}.Release|Any CPU.Build.0 = Release|Any CPU
		{DC621A23-AFF2-4056-8562-0449986340A1}.Debug|Any CPU.ActiveCfg = Debug|Any CPU
		{DC621A23-AFF2-4056-8562-0449986340A1}.Debug|Any CPU.Build.0 = Debug|Any CPU
		{DC621A23-AFF2-4056-8562-0449986340A1}.Release|Any CPU.ActiveCfg = Release|Any CPU
		{DC621A23-AFF2-4056-8562-0449986340A1}.Release|Any CPU.Build.0 = Release|Any CPU
		{DB0D062D-23B2-4014-A3FF-F2DB22D28F1B}.Debug|Any CPU.ActiveCfg = Debug|Any CPU
		{DB0D062D-23B2-4014-A3FF-F2DB22D28F1B}.Debug|Any CPU.Build.0 = Debug|Any CPU
		{DB0D062D-23B2-4014-A3FF-F2DB22D28F1B}.Release|Any CPU.ActiveCfg = Release|Any CPU
		{DB0D062D-23B2-4014-A3FF-F2DB22D28F1B}.Release|Any CPU.Build.0 = Release|Any CPU
		{9DF232A0-3B90-4159-94CD-B64B595D64E7}.Debug|Any CPU.ActiveCfg = Debug|Any CPU
		{9DF232A0-3B90-4159-94CD-B64B595D64E7}.Debug|Any CPU.Build.0 = Debug|Any CPU
		{9DF232A0-3B90-4159-94CD-B64B595D64E7}.Release|Any CPU.ActiveCfg = Release|Any CPU
		{9DF232A0-3B90-4159-94CD-B64B595D64E7}.Release|Any CPU.Build.0 = Release|Any CPU
		{F9E08E35-6306-410C-8630-0C47B101DEAD}.Debug|Any CPU.ActiveCfg = Debug|Any CPU
		{F9E08E35-6306-410C-8630-0C47B101DEAD}.Debug|Any CPU.Build.0 = Debug|Any CPU
		{F9E08E35-6306-410C-8630-0C47B101DEAD}.Release|Any CPU.ActiveCfg = Release|Any CPU
		{F9E08E35-6306-410C-8630-0C47B101DEAD}.Release|Any CPU.Build.0 = Release|Any CPU
		{E1D868CC-63EF-4549-AE37-55BB3BD16777}.Debug|Any CPU.ActiveCfg = Debug|Any CPU
		{E1D868CC-63EF-4549-AE37-55BB3BD16777}.Debug|Any CPU.Build.0 = Debug|Any CPU
		{E1D868CC-63EF-4549-AE37-55BB3BD16777}.Release|Any CPU.ActiveCfg = Release|Any CPU
		{E1D868CC-63EF-4549-AE37-55BB3BD16777}.Release|Any CPU.Build.0 = Release|Any CPU
		{3E2BB731-D949-4D2F-B727-D3794ADA36CC}.Debug|Any CPU.ActiveCfg = Debug|Any CPU
		{3E2BB731-D949-4D2F-B727-D3794ADA36CC}.Debug|Any CPU.Build.0 = Debug|Any CPU
		{3E2BB731-D949-4D2F-B727-D3794ADA36CC}.Release|Any CPU.ActiveCfg = Release|Any CPU
		{3E2BB731-D949-4D2F-B727-D3794ADA36CC}.Release|Any CPU.Build.0 = Release|Any CPU
		{AB6FEED3-B60E-49DB-99FE-CA13E0D8924F}.Debug|Any CPU.ActiveCfg = Debug|Any CPU
		{AB6FEED3-B60E-49DB-99FE-CA13E0D8924F}.Debug|Any CPU.Build.0 = Debug|Any CPU
		{AB6FEED3-B60E-49DB-99FE-CA13E0D8924F}.Release|Any CPU.ActiveCfg = Release|Any CPU
		{AB6FEED3-B60E-49DB-99FE-CA13E0D8924F}.Release|Any CPU.Build.0 = Release|Any CPU
		{6F6B1718-47C1-48F4-B86B-6A1AB71275D1}.Debug|Any CPU.ActiveCfg = Debug|Any CPU
		{6F6B1718-47C1-48F4-B86B-6A1AB71275D1}.Debug|Any CPU.Build.0 = Debug|Any CPU
		{6F6B1718-47C1-48F4-B86B-6A1AB71275D1}.Release|Any CPU.ActiveCfg = Release|Any CPU
		{6F6B1718-47C1-48F4-B86B-6A1AB71275D1}.Release|Any CPU.Build.0 = Release|Any CPU
		{B7F70411-E7BF-4507-8055-D31151ADDFF0}.Debug|Any CPU.ActiveCfg = Debug|Any CPU
		{B7F70411-E7BF-4507-8055-D31151ADDFF0}.Debug|Any CPU.Build.0 = Debug|Any CPU
		{B7F70411-E7BF-4507-8055-D31151ADDFF0}.Release|Any CPU.ActiveCfg = Release|Any CPU
		{B7F70411-E7BF-4507-8055-D31151ADDFF0}.Release|Any CPU.Build.0 = Release|Any CPU
		{C18CDA50-2BCA-4CFE-8C87-37BDFE41230F}.Debug|Any CPU.ActiveCfg = Debug|Any CPU
		{C18CDA50-2BCA-4CFE-8C87-37BDFE41230F}.Debug|Any CPU.Build.0 = Debug|Any CPU
		{C18CDA50-2BCA-4CFE-8C87-37BDFE41230F}.Release|Any CPU.ActiveCfg = Release|Any CPU
		{C18CDA50-2BCA-4CFE-8C87-37BDFE41230F}.Release|Any CPU.Build.0 = Release|Any CPU
		{F1B1D050-F417-47A4-B93E-0F716E0D387B}.Debug|Any CPU.ActiveCfg = Debug|Any CPU
		{F1B1D050-F417-47A4-B93E-0F716E0D387B}.Debug|Any CPU.Build.0 = Debug|Any CPU
		{F1B1D050-F417-47A4-B93E-0F716E0D387B}.Release|Any CPU.ActiveCfg = Release|Any CPU
		{F1B1D050-F417-47A4-B93E-0F716E0D387B}.Release|Any CPU.Build.0 = Release|Any CPU
		{9A87A977-5727-49C1-B827-1EAE9479F983}.Debug|Any CPU.ActiveCfg = Debug|Any CPU
		{9A87A977-5727-49C1-B827-1EAE9479F983}.Debug|Any CPU.Build.0 = Debug|Any CPU
		{9A87A977-5727-49C1-B827-1EAE9479F983}.Release|Any CPU.ActiveCfg = Release|Any CPU
		{9A87A977-5727-49C1-B827-1EAE9479F983}.Release|Any CPU.Build.0 = Release|Any CPU
		{EF3370A3-CE08-4EE8-A470-5CF2E963B0D7}.Debug|Any CPU.ActiveCfg = Debug|Any CPU
		{EF3370A3-CE08-4EE8-A470-5CF2E963B0D7}.Debug|Any CPU.Build.0 = Debug|Any CPU
		{EF3370A3-CE08-4EE8-A470-5CF2E963B0D7}.Release|Any CPU.ActiveCfg = Release|Any CPU
		{EF3370A3-CE08-4EE8-A470-5CF2E963B0D7}.Release|Any CPU.Build.0 = Release|Any CPU
		{3CD3B1CB-A58E-4AEF-ABAE-4AAFE61ADA16}.Debug|Any CPU.ActiveCfg = Debug|Any CPU
		{3CD3B1CB-A58E-4AEF-ABAE-4AAFE61ADA16}.Debug|Any CPU.Build.0 = Debug|Any CPU
		{3CD3B1CB-A58E-4AEF-ABAE-4AAFE61ADA16}.Release|Any CPU.ActiveCfg = Release|Any CPU
		{3CD3B1CB-A58E-4AEF-ABAE-4AAFE61ADA16}.Release|Any CPU.Build.0 = Release|Any CPU
	EndGlobalSection
	GlobalSection(SolutionProperties) = preSolution
		HideSolutionNode = FALSE
	EndGlobalSection
	GlobalSection(NestedProjects) = preSolution
		{CD47BB91-947C-4382-8C7C-0A7B81A0A5C3} = {A5709E6C-438C-48BF-A8F2-16D1A08117AE}
		{DC621A23-AFF2-4056-8562-0449986340A1} = {A5709E6C-438C-48BF-A8F2-16D1A08117AE}
		{DB0D062D-23B2-4014-A3FF-F2DB22D28F1B} = {A5709E6C-438C-48BF-A8F2-16D1A08117AE}
		{9DF232A0-3B90-4159-94CD-B64B595D64E7} = {1F61E9D0-8425-43D3-8AEF-49965ADB7170}
		{F9E08E35-6306-410C-8630-0C47B101DEAD} = {1F61E9D0-8425-43D3-8AEF-49965ADB7170}
		{E1D868CC-63EF-4549-AE37-55BB3BD16777} = {1F61E9D0-8425-43D3-8AEF-49965ADB7170}
		{3E2BB731-D949-4D2F-B727-D3794ADA36CC} = {EED87D30-13FA-4E4B-BB93-373F242F5A36}
		{AB6FEED3-B60E-49DB-99FE-CA13E0D8924F} = {EED87D30-13FA-4E4B-BB93-373F242F5A36}
		{6F6B1718-47C1-48F4-B86B-6A1AB71275D1} = {EED87D30-13FA-4E4B-BB93-373F242F5A36}
		{B7F70411-E7BF-4507-8055-D31151ADDFF0} = {3A438AB4-CCD2-4587-95D0-6D179F7BC396}
		{C18CDA50-2BCA-4CFE-8C87-37BDFE41230F} = {3A438AB4-CCD2-4587-95D0-6D179F7BC396}
		{F1B1D050-F417-47A4-B93E-0F716E0D387B} = {3A438AB4-CCD2-4587-95D0-6D179F7BC396}
		{9A87A977-5727-49C1-B827-1EAE9479F983} = {7BA91BEE-54B3-4130-995A-4179403A21D2}
		{EF3370A3-CE08-4EE8-A470-5CF2E963B0D7} = {7BA91BEE-54B3-4130-995A-4179403A21D2}
		{3CD3B1CB-A58E-4AEF-ABAE-4AAFE61ADA16} = {7BA91BEE-54B3-4130-995A-4179403A21D2}
	EndGlobalSection
	GlobalSection(ExtensibilityGlobals) = postSolution
		SolutionGuid = {98E5C67C-2F2E-43AF-9C2B-E60FEBF56ADD}
	EndGlobalSection
EndGlobal
